
Microsoft Visual Studio Solution File, Format Version 12.00
# Visual Studio 14
VisualStudioVersion = 14.0.25420.1
MinimumVisualStudioVersion = 10.0.40219.1
Project("{FAE04EC0-301F-11D3-BF4B-00C04F79EFBC}") = "obudai-webapp", "obudai-webapp\obudai-webapp.csproj", "{C4F22293-7C7E-45F1-9D90-D9BB9A4894D7}"
EndProject
Project("{FAE04EC0-301F-11D3-BF4B-00C04F79EFBC}") = "obudai-webapp.Tests", "obudai-webapp.Tests\obudai-webapp.Tests.csproj", "{9C3D76D3-C835-4A08-8751-AF0A9A8CD959}"
EndProject
Global
	GlobalSection(SolutionConfigurationPlatforms) = preSolution
		Debug|Any CPU = Debug|Any CPU
		Release|Any CPU = Release|Any CPU
	EndGlobalSection
	GlobalSection(ProjectConfigurationPlatforms) = postSolution
		{C4F22293-7C7E-45F1-9D90-D9BB9A4894D7}.Debug|Any CPU.ActiveCfg = Debug|Any CPU
		{C4F22293-7C7E-45F1-9D90-D9BB9A4894D7}.Debug|Any CPU.Build.0 = Debug|Any CPU
		{C4F22293-7C7E-45F1-9D90-D9BB9A4894D7}.Release|Any CPU.ActiveCfg = Release|Any CPU
		{C4F22293-7C7E-45F1-9D90-D9BB9A4894D7}.Release|Any CPU.Build.0 = Release|Any CPU
		{9C3D76D3-C835-4A08-8751-AF0A9A8CD959}.Debug|Any CPU.ActiveCfg = Debug|Any CPU
		{9C3D76D3-C835-4A08-8751-AF0A9A8CD959}.Debug|Any CPU.Build.0 = Debug|Any CPU
		{9C3D76D3-C835-4A08-8751-AF0A9A8CD959}.Release|Any CPU.ActiveCfg = Release|Any CPU
		{9C3D76D3-C835-4A08-8751-AF0A9A8CD959}.Release|Any CPU.Build.0 = Release|Any CPU
	EndGlobalSection
	GlobalSection(SolutionProperties) = preSolution
		HideSolutionNode = FALSE
	EndGlobalSection
EndGlobal
